
Microsoft Visual Studio Solution File, Format Version 12.00
# Visual Studio Version 16
VisualStudioVersion = 16.0.29709.97
MinimumVisualStudioVersion = 10.0.40219.1
Project("{FAE04EC0-301F-11D3-BF4B-00C04F79EFBC}") = "ExcelImport", "ExcelImport\ExcelImport.csproj", "{852C1887-28E2-4FA8-AEC8-318D6765032A}"
EndProject
Global
	GlobalSection(SolutionConfigurationPlatforms) = preSolution
		Debug|Any CPU = Debug|Any CPU
		Release|Any CPU = Release|Any CPU
	EndGlobalSection
	GlobalSection(ProjectConfigurationPlatforms) = postSolution
		{852C1887-28E2-4FA8-AEC8-318D6765032A}.Debug|Any CPU.ActiveCfg = Debug|Any CPU
		{852C1887-28E2-4FA8-AEC8-318D6765032A}.Debug|Any CPU.Build.0 = Debug|Any CPU
		{852C1887-28E2-4FA8-AEC8-318D6765032A}.Release|Any CPU.ActiveCfg = Release|Any CPU
		{852C1887-28E2-4FA8-AEC8-318D6765032A}.Release|Any CPU.Build.0 = Release|Any CPU
	EndGlobalSection
	GlobalSection(SolutionProperties) = preSolution
		HideSolutionNode = FALSE
	EndGlobalSection
	GlobalSection(ExtensibilityGlobals) = postSolution
		SolutionGuid = {EF08FB9D-0F76-4A86-9098-BD8D5AE12D3C}
	EndGlobalSection
EndGlobal
